
Microsoft Visual Studio Solution File, Format Version 12.00
# Visual Studio Version 17
VisualStudioVersion = 17.6.33829.357
MinimumVisualStudioVersion = 10.0.40219.1
Project("{FAE04EC0-301F-11D3-BF4B-00C04F79EFBC}") = "Nezuko-Bot", "Nezuko-Bot\Nezuko-Bot.csproj", "{6D05D712-0E72-4B7C-BACA-5E0D98169C92}"
EndProject
Global
	GlobalSection(SolutionConfigurationPlatforms) = preSolution
		Debug|Any CPU = Debug|Any CPU
		Release|Any CPU = Release|Any CPU
	EndGlobalSection
	GlobalSection(ProjectConfigurationPlatforms) = postSolution
		{6D05D712-0E72-4B7C-BACA-5E0D98169C92}.Debug|Any CPU.ActiveCfg = Debug|Any CPU
		{6D05D712-0E72-4B7C-BACA-5E0D98169C92}.Debug|Any CPU.Build.0 = Debug|Any CPU
		{6D05D712-0E72-4B7C-BACA-5E0D98169C92}.Release|Any CPU.ActiveCfg = Release|Any CPU
		{6D05D712-0E72-4B7C-BACA-5E0D98169C92}.Release|Any CPU.Build.0 = Release|Any CPU
	EndGlobalSection
	GlobalSection(SolutionProperties) = preSolution
		HideSolutionNode = FALSE
	EndGlobalSection
	GlobalSection(ExtensibilityGlobals) = postSolution
		SolutionGuid = {A6A3FC01-D0E4-4FC3-9854-31AC8EF1DC36}
	EndGlobalSection
EndGlobal
